<?xml version="1.0" encoding="utf-8"?>
<Project ToolsVersion="4.0" xmlns="http://schemas.microsoft.com/developer/msbuild/2003">
  <ItemGroup>
    <Filter Include="Source Files">
      <UniqueIdentifier>{4FC737F1-C7A5-4376-A066-2A32D752A2FF}</UniqueIdentifier>
      <Extensions>cpp;c;cc;cxx;def;odl;idl;hpj;bat;asm;asmx</Extensions>
    </Filter>
    <Filter Include="Header Files">
      <UniqueIdentifier>{93995380-89BD-4b04-88EB-625FBE52EBFB}</UniqueIdentifier>
      <Extensions>h;hh;hpp;hxx;hm;inl;inc;xsd</Extensions>
    </Filter>
    <Filter Include="Resource Files">
      <UniqueIdentifier>{67DA6AB6-F800-4c08-8B7A-83BB121AAD01}</UniqueIdentifier>
      <Extensions>rc;ico;cur;bmp;dlg;rc2;rct;bin;rgs;gif;jpg;jpeg;jpe;resx;tiff;tif;png;wav;mfcribbon-ms</Extensions>
    </Filter>
  </ItemGroup>
  <ItemGroup>
    <None Include="Main.ino" />
  </ItemGroup>
  <ItemGroup>
    <ClInclude Include="__vm\.Main.vsarduino.h">
      <Filter>Header Files</Filter>
    </ClInclude>
    <ClInclude Include="DataCapture.h">
      <Filter>Header Files</Filter>
    </ClInclude>
    <ClInclude Include="LinkedList.h">
      <Filter>Header Files</Filter>
    </ClInclude>
    <ClInclude Include="HashMap.h">
      <Filter>Header Files</Filter>
    </ClInclude>
    <ClInclude Include="LinkitOneFlashFileReader.h">
      <Filter>Header Files</Filter>
    </ClInclude>
    <ClInclude Include="SharedPreferences.h">
      <Filter>Header Files</Filter>
    </ClInclude>
    <ClInclude Include="ECG250HzLead2Capture.h">
      <Filter>Header Files</Filter>
    </ClInclude>
    <ClInclude Include="ECG250HzLead3Capture.h">
      <Filter>Header Files</Filter>
    </ClInclude>
    <ClInclude Include="ECG250HzLead1Capture.h">
      <Filter>Header Files</Filter>
    </ClInclude>
    <ClInclude Include="ADAS1000.h">
      <Filter>Header Files</Filter>
    </ClInclude>
    <ClInclude Include="ECG.h">
      <Filter>Header Files</Filter>
    </ClInclude>
    <ClInclude Include="ECG500HzCapture.h">
      <Filter>Header Files</Filter>
    </ClInclude>
    <ClInclude Include="ECG1000HzCapture.h">
      <Filter>Header Files</Filter>
    </ClInclude>
    <ClInclude Include="ECGCapture.h">
      <Filter>Header Files</Filter>
    </ClInclude>
    <ClInclude Include="ECG2000HzCapture.h">
      <Filter>Header Files</Filter>
    </ClInclude>
    <ClInclude Include="ECGCaptureFactory.h">
      <Filter>Header Files</Filter>
    </ClInclude>
    <ClInclude Include="SPIdev.h">
      <Filter>Header Files</Filter>
    </ClInclude>
    <ClInclude Include="TestTone10SinWave250HzCapture.h">
      <Filter>Header Files</Filter>
    </ClInclude>
    <ClInclude Include="TestTone150SinWave250HzCapture.h">
      <Filter>Header Files</Filter>
    </ClInclude>
    <ClInclude Include="ECG250HzCapture.h">
      <Filter>Header Files</Filter>
    </ClInclude>
    <ClInclude Include="ECG500HzLead1Capture.h">
      <Filter>Header Files</Filter>
    </ClInclude>
    <ClInclude Include="ECG500HzLead2Capture.h">
      <Filter>Header Files</Filter>
    </ClInclude>
    <ClInclude Include="ECG500HzLead3Capture.h">
      <Filter>Header Files</Filter>
    </ClInclude>
    <ClInclude Include="TestToneSquareWave250HzLead1Capture.h">
      <Filter>Header Files</Filter>
    </ClInclude>
    <ClInclude Include="TestTone250HzCapture.h">
      <Filter>Header Files</Filter>
    </ClInclude>
    <ClInclude Include="MotionCapture.h">
      <Filter>Header Files</Filter>
    </ClInclude>
    <ClInclude Include="NetworkConnection.h">
      <Filter>Header Files</Filter>
    </ClInclude>
    <ClInclude Include="WiFiConnection.h">
      <Filter>Header Files</Filter>
    </ClInclude>
    <ClInclude Include="GPRSConnection.h">
      <Filter>Header Files</Filter>
    </ClInclude>
    <ClInclude Include="MQTTServer.h">
      <Filter>Header Files</Filter>
    </ClInclude>
  </ItemGroup>
  <ItemGroup>
    <ClCompile Include="DataCapture.cpp">
      <Filter>Source Files</Filter>
    </ClCompile>
    <ClCompile Include="LinkitOneFlashFileReader.cpp">
      <Filter>Source Files</Filter>
    </ClCompile>
    <ClCompile Include="SharedPreferences.cpp">
      <Filter>Source Files</Filter>
    </ClCompile>
    <ClCompile Include="ECG250HzLead2Capture.cpp">
      <Filter>Source Files</Filter>
    </ClCompile>
    <ClCompile Include="ECG250HzLead3Capture.cpp">
      <Filter>Source Files</Filter>
    </ClCompile>
    <ClCompile Include="ECG.cpp">
      <Filter>Source Files</Filter>
    </ClCompile>
    <ClCompile Include="ADAS1000.cpp">
      <Filter>Source Files</Filter>
    </ClCompile>
    <ClCompile Include="ECG250HzLead1Capture.cpp">
      <Filter>Source Files</Filter>
    </ClCompile>
    <ClCompile Include="ECG500HzCapture.cpp">
      <Filter>Source Files</Filter>
    </ClCompile>
    <ClCompile Include="ECG1000HzCapture.cpp">
      <Filter>Source Files</Filter>
    </ClCompile>
    <ClCompile Include="ECG2000HzCapture.cpp">
      <Filter>Source Files</Filter>
    </ClCompile>
    <ClCompile Include="ECGCaptureFactory.cpp">
      <Filter>Source Files</Filter>
    </ClCompile>
    <ClCompile Include="ECGCapture.cpp">
      <Filter>Source Files</Filter>
    </ClCompile>
    <ClCompile Include="SPIdev.cpp">
      <Filter>Source Files</Filter>
    </ClCompile>
    <ClCompile Include="TestTone10SinWave250HzCapture.cpp">
      <Filter>Source Files</Filter>
    </ClCompile>
    <ClCompile Include="TestTone150SinWave250HzCapture.cpp">
      <Filter>Source Files</Filter>
    </ClCompile>
    <ClCompile Include="ECG250HzCapture.cpp">
      <Filter>Source Files</Filter>
    </ClCompile>
    <ClCompile Include="ECG500HzLead1Capture.cpp">
      <Filter>Source Files</Filter>
    </ClCompile>
    <ClCompile Include="ECG500HzLead2Capture.cpp">
      <Filter>Source Files</Filter>
    </ClCompile>
    <ClCompile Include="ECG500HzLead3Capture.cpp">
      <Filter>Source Files</Filter>
    </ClCompile>
    <ClCompile Include="TestToneSquareWave250HzLead1Capture.cpp">
      <Filter>Source Files</Filter>
    </ClCompile>
    <ClCompile Include="TestTone250HzCapture.cpp">
      <Filter>Source Files</Filter>
    </ClCompile>
    <ClCompile Include="MotionCapture.cpp">
      <Filter>Source Files</Filter>
    </ClCompile>
    <ClCompile Include="NetworkConnection.cpp">
      <Filter>Source Files</Filter>
    </ClCompile>
    <ClCompile Include="WiFiConnection.cpp">
      <Filter>Source Files</Filter>
    </ClCompile>
    <ClCompile Include="GPRSConnection.cpp">
      <Filter>Source Files</Filter>
    </ClCompile>
    <ClCompile Include="MQTTServer.cpp">
      <Filter>Source Files</Filter>
    </ClCompile>
  </ItemGroup>
</Project>